// !$*UTF8*$!
{
	archiveVersion = 1;
	classes = {
	};
	objectVersion = 46;
	objects = {

/* Begin PBXBuildFile section */
		12AF1A36CA03E1C72A933EC6 /* libPods-available_pods-Ethiopharma.a in Frameworks */ = {isa = PBXBuildFile; fileRef = 5156311287E911186BDC0031 /* libPods-available_pods-Ethiopharma.a */; };
		84968B2C2A14322A00775F65 /* AppDelegate.m in Sources */ = {isa = PBXBuildFile; fileRef = 13B07FB01A68108700A75B9A /* AppDelegate.m */; };
		84968B2D2A14322A00775F65 /* Royo.swift in Sources */ = {isa = PBXBuildFile; fileRef = 84F4679626A7F27500D378D5 /* Royo.swift */; };
		84968B2E2A14322A00775F65 /* main.m in Sources */ = {isa = PBXBuildFile; fileRef = 13B07FB71A68108700A75B9A /* main.m */; };
		84968B322A14322A00775F65 /* Eina02-Regular.ttf in Resources */ = {isa = PBXBuildFile; fileRef = 8455CA3826DFBC2200C27F72 /* Eina02-Regular.ttf */; };
		84968B342A14322A00775F65 /* SFProDisplay-Regular.ttf in Resources */ = {isa = PBXBuildFile; fileRef = 846DA78C2681E47000CC5BA2 /* SFProDisplay-Regular.ttf */; };
		84968B352A14322A00775F65 /* Futura-Medium.ttf in Resources */ = {isa = PBXBuildFile; fileRef = 846DA7902681E47100CC5BA2 /* Futura-Medium.ttf */; };
		84968B372A14322A00775F65 /* LaunchScreen.storyboard in Resources */ = {isa = PBXBuildFile; fileRef = 81AB9BB72411601600AC10FF /* LaunchScreen.storyboard */; };
		84968B382A14322A00775F65 /* CircularStd-Book.otf in Resources */ = {isa = PBXBuildFile; fileRef = 844FDD1E2673989300C16835 /* CircularStd-Book.otf */; };
		84968B392A14322A00775F65 /* Metropolis-Bold.otf in Resources */ = {isa = PBXBuildFile; fileRef = 8496BC0726F1B862001AAB4C /* Metropolis-Bold.otf */; };
		84968B3A2A14322A00775F65 /* Futura Hv BT.ttf in Resources */ = {isa = PBXBuildFile; fileRef = 846DA78E2681E47100CC5BA2 /* Futura Hv BT.ttf */; };
		84968B3B2A14322A00775F65 /* SFProText-Regular.ttf in Resources */ = {isa = PBXBuildFile; fileRef = 846DA78D2681E47000CC5BA2 /* SFProText-Regular.ttf */; };
		84968B3C2A14322A00775F65 /* SFProText-SemiBold.ttf in Resources */ = {isa = PBXBuildFile; fileRef = 846DA78F2681E47100CC5BA2 /* SFProText-SemiBold.ttf */; };
		84968B3D2A14322A00775F65 /* SFProText-Medium.ttf in Resources */ = {isa = PBXBuildFile; fileRef = 846DA7942681E47100CC5BA2 /* SFProText-Medium.ttf */; };
		84968B3E2A14322A00775F65 /* notification.wav in Resources */ = {isa = PBXBuildFile; fileRef = 84D1CDDD2703529C00C05E36 /* notification.wav */; };
		84968B402A14322A00775F65 /* Plists in Resources */ = {isa = PBXBuildFile; fileRef = 84DD36D82653D9EF00E2097D /* Plists */; };
		84968B412A14322A00775F65 /* Futura-Normal.ttf in Resources */ = {isa = PBXBuildFile; fileRef = 846DA7922681E47100CC5BA2 /* Futura-Normal.ttf */; };
		84968B422A14322A00775F65 /* Eina02-Bold.ttf in Resources */ = {isa = PBXBuildFile; fileRef = 8455CA3626DFBC2200C27F72 /* Eina02-Bold.ttf */; };
		84968B432A14322A00775F65 /* Futura-Book.ttf in Resources */ = {isa = PBXBuildFile; fileRef = 846DA7932681E47100CC5BA2 /* Futura-Book.ttf */; };
		84968B442A14322A00775F65 /* CircularStd-Medium.otf in Resources */ = {isa = PBXBuildFile; fileRef = 844FDD1D2673989300C16835 /* CircularStd-Medium.otf */; };
		84968B452A14322A00775F65 /* Metropolis-SemiBold.otf in Resources */ = {isa = PBXBuildFile; fileRef = 8496BC0626F1B861001AAB4C /* Metropolis-SemiBold.otf */; };
		84968B462A14322A00775F65 /* FuturaBT-Heavy.ttf in Resources */ = {isa = PBXBuildFile; fileRef = 846DA78B2681E47000CC5BA2 /* FuturaBT-Heavy.ttf */; };
		84968B482A14322A00775F65 /* CircularStd-Bold.ttf in Resources */ = {isa = PBXBuildFile; fileRef = 844FDD1C2673989300C16835 /* CircularStd-Bold.ttf */; };
		84968B492A14322A00775F65 /* Metropolis-Regular.otf in Resources */ = {isa = PBXBuildFile; fileRef = 8496BC0526F1B860001AAB4C /* Metropolis-Regular.otf */; };
		84968B4A2A14322A00775F65 /* SFProText-Bold.ttf in Resources */ = {isa = PBXBuildFile; fileRef = 846DA7912681E47100CC5BA2 /* SFProText-Bold.ttf */; };
		84968B4B2A14322A00775F65 /* Eina02-SemiBold.ttf in Resources */ = {isa = PBXBuildFile; fileRef = 8455CA3726DFBC2200C27F72 /* Eina02-SemiBold.ttf */; };
		84968B582A14326B00775F65 /* Ethiopharma(Development).xcconfig in Resources */ = {isa = PBXBuildFile; fileRef = 84968B572A14326B00775F65 /* Ethiopharma(Development).xcconfig */; };
		84968B5A2A14328000775F65 /* Ethiopharma(Production).xcconfig in Resources */ = {isa = PBXBuildFile; fileRef = 84968B592A14328000775F65 /* Ethiopharma(Production).xcconfig */; };
		84968B5C2A14328E00775F65 /* Images.xcassets in Resources */ = {isa = PBXBuildFile; fileRef = 84968B5B2A14328E00775F65 /* Images.xcassets */; };
		84968B5E2A14339A00775F65 /* GoogleService-Info.plist in Resources */ = {isa = PBXBuildFile; fileRef = 84968B5D2A14339A00775F65 /* GoogleService-Info.plist */; };
/* End PBXBuildFile section */

/* Begin PBXFileReference section */
		00E356F11AD99517003FC87E /* Info.plist */ = {isa = PBXFileReference; lastKnownFileType = text.plist.xml; path = Info.plist; sourceTree = "<group>"; };
		00E356F21AD99517003FC87E /* RunrunTests.m */ = {isa = PBXFileReference; lastKnownFileType = sourcecode.c.objc; path = RunrunTests.m; sourceTree = "<group>"; };
		13B07FAF1A68108700A75B9A /* AppDelegate.h */ = {isa = PBXFileReference; fileEncoding = 4; lastKnownFileType = sourcecode.c.h; name = AppDelegate.h; path = Runrun/AppDelegate.h; sourceTree = "<group>"; };
		13B07FB01A68108700A75B9A /* AppDelegate.m */ = {isa = PBXFileReference; fileEncoding = 4; lastKnownFileType = sourcecode.c.objc; name = AppDelegate.m; path = Runrun/AppDelegate.m; sourceTree = "<group>"; };
		13B07FB71A68108700A75B9A /* main.m */ = {isa = PBXFileReference; fileEncoding = 4; lastKnownFileType = sourcecode.c.objc; name = main.m; path = Runrun/main.m; sourceTree = "<group>"; };
		25DF9FEE8551E5C06B5957A6 /* Pods-available_pods-Ethiopharma.release.xcconfig */ = {isa = PBXFileReference; includeInIndex = 1; lastKnownFileType = text.xcconfig; name = "Pods-available_pods-Ethiopharma.release.xcconfig"; path = "Target Support Files/Pods-available_pods-Ethiopharma/Pods-available_pods-Ethiopharma.release.xcconfig"; sourceTree = "<group>"; };
		483F463F979161DA56E5CA87 /* Pods-available_pods-Ethiopharma.debug.xcconfig */ = {isa = PBXFileReference; includeInIndex = 1; lastKnownFileType = text.xcconfig; name = "Pods-available_pods-Ethiopharma.debug.xcconfig"; path = "Target Support Files/Pods-available_pods-Ethiopharma/Pods-available_pods-Ethiopharma.debug.xcconfig"; sourceTree = "<group>"; };
		5156311287E911186BDC0031 /* libPods-available_pods-Ethiopharma.a */ = {isa = PBXFileReference; explicitFileType = archive.ar; includeInIndex = 0; path = "libPods-available_pods-Ethiopharma.a"; sourceTree = BUILT_PRODUCTS_DIR; };
		76804BEC269C14AB007926EE /* Runrun.entitlements */ = {isa = PBXFileReference; lastKnownFileType = text.plist.entitlements; name = Runrun.entitlements; path = Runrun/Runrun.entitlements; sourceTree = "<group>"; };
		81AB9BB72411601600AC10FF /* LaunchScreen.storyboard */ = {isa = PBXFileReference; fileEncoding = 4; lastKnownFileType = file.storyboard; name = LaunchScreen.storyboard; path = Runrun/LaunchScreen.storyboard; sourceTree = "<group>"; };
		844FDD1C2673989300C16835 /* CircularStd-Bold.ttf */ = {isa = PBXFileReference; lastKnownFileType = file; path = "CircularStd-Bold.ttf"; sourceTree = "<group>"; };
		844FDD1D2673989300C16835 /* CircularStd-Medium.otf */ = {isa = PBXFileReference; lastKnownFileType = file; path = "CircularStd-Medium.otf"; sourceTree = "<group>"; };
		844FDD1E2673989300C16835 /* CircularStd-Book.otf */ = {isa = PBXFileReference; lastKnownFileType = file; path = "CircularStd-Book.otf"; sourceTree = "<group>"; };
		8455CA3626DFBC2200C27F72 /* Eina02-Bold.ttf */ = {isa = PBXFileReference; lastKnownFileType = file; path = "Eina02-Bold.ttf"; sourceTree = "<group>"; };
		8455CA3726DFBC2200C27F72 /* Eina02-SemiBold.ttf */ = {isa = PBXFileReference; lastKnownFileType = file; path = "Eina02-SemiBold.ttf"; sourceTree = "<group>"; };
		8455CA3826DFBC2200C27F72 /* Eina02-Regular.ttf */ = {isa = PBXFileReference; lastKnownFileType = file; path = "Eina02-Regular.ttf"; sourceTree = "<group>"; };
		846DA78B2681E47000CC5BA2 /* FuturaBT-Heavy.ttf */ = {isa = PBXFileReference; lastKnownFileType = file; name = "FuturaBT-Heavy.ttf"; path = "../../src/assets/fonts/FuturaBT-Heavy.ttf"; sourceTree = "<group>"; };
		846DA78C2681E47000CC5BA2 /* SFProDisplay-Regular.ttf */ = {isa = PBXFileReference; lastKnownFileType = file; name = "SFProDisplay-Regular.ttf"; path = "../../src/assets/fonts/SFProDisplay-Regular.ttf"; sourceTree = "<group>"; };
		846DA78D2681E47000CC5BA2 /* SFProText-Regular.ttf */ = {isa = PBXFileReference; lastKnownFileType = file; name = "SFProText-Regular.ttf"; path = "../../src/assets/fonts/SFProText-Regular.ttf"; sourceTree = "<group>"; };
		846DA78E2681E47100CC5BA2 /* Futura Hv BT.ttf */ = {isa = PBXFileReference; lastKnownFileType = file; name = "Futura Hv BT.ttf"; path = "../../src/assets/fonts/Futura Hv BT.ttf"; sourceTree = "<group>"; };
		846DA78F2681E47100CC5BA2 /* SFProText-SemiBold.ttf */ = {isa = PBXFileReference; lastKnownFileType = file; name = "SFProText-SemiBold.ttf"; path = "../../src/assets/fonts/SFProText-SemiBold.ttf"; sourceTree = "<group>"; };
		846DA7902681E47100CC5BA2 /* Futura-Medium.ttf */ = {isa = PBXFileReference; lastKnownFileType = file; name = "Futura-Medium.ttf"; path = "../../src/assets/fonts/Futura-Medium.ttf"; sourceTree = "<group>"; };
		846DA7912681E47100CC5BA2 /* SFProText-Bold.ttf */ = {isa = PBXFileReference; lastKnownFileType = file; name = "SFProText-Bold.ttf"; path = "../../src/assets/fonts/SFProText-Bold.ttf"; sourceTree = "<group>"; };
		846DA7922681E47100CC5BA2 /* Futura-Normal.ttf */ = {isa = PBXFileReference; lastKnownFileType = file; name = "Futura-Normal.ttf"; path = "../../src/assets/fonts/Futura-Normal.ttf"; sourceTree = "<group>"; };
		846DA7932681E47100CC5BA2 /* Futura-Book.ttf */ = {isa = PBXFileReference; lastKnownFileType = file; name = "Futura-Book.ttf"; path = "../../src/assets/fonts/Futura-Book.ttf"; sourceTree = "<group>"; };
		846DA7942681E47100CC5BA2 /* SFProText-Medium.ttf */ = {isa = PBXFileReference; lastKnownFileType = file; name = "SFProText-Medium.ttf"; path = "../../src/assets/fonts/SFProText-Medium.ttf"; sourceTree = "<group>"; };
		84968B542A14322A00775F65 /* Ethiopharma.app */ = {isa = PBXFileReference; explicitFileType = wrapper.application; includeInIndex = 0; path = Ethiopharma.app; sourceTree = BUILT_PRODUCTS_DIR; };
		84968B572A14326B00775F65 /* Ethiopharma(Development).xcconfig */ = {isa = PBXFileReference; lastKnownFileType = text.xcconfig; path = "Ethiopharma(Development).xcconfig"; sourceTree = "<group>"; };
		84968B592A14328000775F65 /* Ethiopharma(Production).xcconfig */ = {isa = PBXFileReference; lastKnownFileType = text.xcconfig; path = "Ethiopharma(Production).xcconfig"; sourceTree = "<group>"; };
		84968B5B2A14328E00775F65 /* Images.xcassets */ = {isa = PBXFileReference; lastKnownFileType = folder.assetcatalog; path = Images.xcassets; sourceTree = "<group>"; };
		84968B5D2A14339A00775F65 /* GoogleService-Info.plist */ = {isa = PBXFileReference; fileEncoding = 4; lastKnownFileType = text.plist.xml; path = "GoogleService-Info.plist"; sourceTree = "<group>"; };
		84968B5F2A14398C00775F65 /* Ethiopharma.entitlements */ = {isa = PBXFileReference; lastKnownFileType = text.plist.entitlements; path = Ethiopharma.entitlements; sourceTree = "<group>"; };
		8496BC0526F1B860001AAB4C /* Metropolis-Regular.otf */ = {isa = PBXFileReference; lastKnownFileType = file; path = "Metropolis-Regular.otf"; sourceTree = "<group>"; };
		8496BC0626F1B861001AAB4C /* Metropolis-SemiBold.otf */ = {isa = PBXFileReference; lastKnownFileType = file; path = "Metropolis-SemiBold.otf"; sourceTree = "<group>"; };
		8496BC0726F1B862001AAB4C /* Metropolis-Bold.otf */ = {isa = PBXFileReference; lastKnownFileType = file; path = "Metropolis-Bold.otf"; sourceTree = "<group>"; };
		84D1CDDD2703529C00C05E36 /* notification.wav */ = {isa = PBXFileReference; lastKnownFileType = audio.wav; path = notification.wav; sourceTree = "<group>"; };
		84DD36D82653D9EF00E2097D /* Plists */ = {isa = PBXFileReference; lastKnownFileType = folder; name = Plists; path = Runrun/Plists; sourceTree = "<group>"; };
		84EA41CC26393E950078E919 /* libRNGoogleSignin.a */ = {isa = PBXFileReference; explicitFileType = archive.ar; path = libRNGoogleSignin.a; sourceTree = BUILT_PRODUCTS_DIR; };
		84EA41CE26393EA70078E919 /* AddressBook.framework */ = {isa = PBXFileReference; lastKnownFileType = wrapper.framework; name = AddressBook.framework; path = System/Library/Frameworks/AddressBook.framework; sourceTree = SDKROOT; };
		84EA41D026393EB30078E919 /* SafariServices.framework */ = {isa = PBXFileReference; lastKnownFileType = wrapper.framework; name = SafariServices.framework; path = System/Library/Frameworks/SafariServices.framework; sourceTree = SDKROOT; };
		84EA41D226393EC40078E919 /* SystemConfiguration.framework */ = {isa = PBXFileReference; lastKnownFileType = wrapper.framework; name = SystemConfiguration.framework; path = System/Library/Frameworks/SystemConfiguration.framework; sourceTree = SDKROOT; };
		84EA41D426393EE20078E919 /* libz.tbd */ = {isa = PBXFileReference; lastKnownFileType = "sourcecode.text-based-dylib-definition"; name = libz.tbd; path = usr/lib/libz.tbd; sourceTree = SDKROOT; };
		84F4678E26A7F27400D378D5 /* Runrun-Bridging-Header.h */ = {isa = PBXFileReference; lastKnownFileType = sourcecode.c.h; path = "Runrun-Bridging-Header.h"; sourceTree = "<group>"; };
		84F4678F26A7F27400D378D5 /* RoyoOrder-Bridging-Header.h */ = {isa = PBXFileReference; lastKnownFileType = sourcecode.c.h; path = "RoyoOrder-Bridging-Header.h"; sourceTree = "<group>"; };
		84F4679626A7F27500D378D5 /* Royo.swift */ = {isa = PBXFileReference; lastKnownFileType = sourcecode.swift; path = Royo.swift; sourceTree = "<group>"; };
		ED297162215061F000B7C4FE /* JavaScriptCore.framework */ = {isa = PBXFileReference; lastKnownFileType = wrapper.framework; name = JavaScriptCore.framework; path = System/Library/Frameworks/JavaScriptCore.framework; sourceTree = SDKROOT; };
		ED2971642150620600B7C4FE /* JavaScriptCore.framework */ = {isa = PBXFileReference; lastKnownFileType = wrapper.framework; name = JavaScriptCore.framework; path = Platforms/AppleTVOS.platform/Developer/SDKs/AppleTVOS12.0.sdk/System/Library/Frameworks/JavaScriptCore.framework; sourceTree = DEVELOPER_DIR; };
/* End PBXFileReference section */

/* Begin PBXFrameworksBuildPhase section */
		84968B2F2A14322A00775F65 /* Frameworks */ = {
			isa = PBXFrameworksBuildPhase;
			buildActionMask = 2147483647;
			files = (
				12AF1A36CA03E1C72A933EC6 /* libPods-available_pods-Ethiopharma.a in Frameworks */,
			);
			runOnlyForDeploymentPostprocessing = 0;
		};
/* End PBXFrameworksBuildPhase section */

/* Begin PBXGroup section */
		00E356EF1AD99517003FC87E /* RunrunTests */ = {
			isa = PBXGroup;
			children = (
				00E356F21AD99517003FC87E /* RunrunTests.m */,
				00E356F01AD99517003FC87E /* Supporting Files */,
			);
			path = RunrunTests;
			sourceTree = "<group>";
		};
		00E356F01AD99517003FC87E /* Supporting Files */ = {
			isa = PBXGroup;
			children = (
				00E356F11AD99517003FC87E /* Info.plist */,
			);
			name = "Supporting Files";
			sourceTree = "<group>";
		};
		13B07FAE1A68108700A75B9A /* Runrun */ = {
			isa = PBXGroup;
			children = (
				76804BEC269C14AB007926EE /* Runrun.entitlements */,
				7647BC0A269C09D9003AC88C /* Entitlements */,
				844FDD0F267397EF00C16835 /* Fonts */,
				844804B42653CF490050AA67 /* Configs */,
				84DD36D82653D9EF00E2097D /* Plists */,
				13B07FAF1A68108700A75B9A /* AppDelegate.h */,
				13B07FB01A68108700A75B9A /* AppDelegate.m */,
				81AB9BB72411601600AC10FF /* LaunchScreen.storyboard */,
				13B07FB71A68108700A75B9A /* main.m */,
			);
			name = Runrun;
			sourceTree = "<group>";
		};
		293CCC036299F75712B8E1E3 /* Pods */ = {
			isa = PBXGroup;
			children = (
				483F463F979161DA56E5CA87 /* Pods-available_pods-Ethiopharma.debug.xcconfig */,
				25DF9FEE8551E5C06B5957A6 /* Pods-available_pods-Ethiopharma.release.xcconfig */,
			);
			path = Pods;
			sourceTree = "<group>";
		};
		2D16E6871FA4F8E400B85C8A /* Frameworks */ = {
			isa = PBXGroup;
			children = (
				84EA41D426393EE20078E919 /* libz.tbd */,
				84EA41D226393EC40078E919 /* SystemConfiguration.framework */,
				84EA41D026393EB30078E919 /* SafariServices.framework */,
				84EA41CE26393EA70078E919 /* AddressBook.framework */,
				84EA41CC26393E950078E919 /* libRNGoogleSignin.a */,
				ED297162215061F000B7C4FE /* JavaScriptCore.framework */,
				ED2971642150620600B7C4FE /* JavaScriptCore.framework */,
				5156311287E911186BDC0031 /* libPods-available_pods-Ethiopharma.a */,
			);
			name = Frameworks;
			sourceTree = "<group>";
		};
		7647BC0A269C09D9003AC88C /* Entitlements */ = {
			isa = PBXGroup;
			children = (
			);
			path = Entitlements;
			sourceTree = "<group>";
		};
		832341AE1AAA6A7D00B99B32 /* Libraries */ = {
			isa = PBXGroup;
			children = (
			);
			name = Libraries;
			sourceTree = "<group>";
		};
		83CBB9F61A601CBA00E9B192 = {
			isa = PBXGroup;
			children = (
				84968B5F2A14398C00775F65 /* Ethiopharma.entitlements */,
				84D1CDDD2703529C00C05E36 /* notification.wav */,
				84F4679626A7F27500D378D5 /* Royo.swift */,
				13B07FAE1A68108700A75B9A /* Runrun */,
				832341AE1AAA6A7D00B99B32 /* Libraries */,
				00E356EF1AD99517003FC87E /* RunrunTests */,
				83CBBA001A601CBA00E9B192 /* Products */,
				2D16E6871FA4F8E400B85C8A /* Frameworks */,
				D65CC1AD79C546A3A311AA2C /* Resources */,
				841D9D5B26A6999600324021 /* Recovered References */,
				84F4678E26A7F27400D378D5 /* Runrun-Bridging-Header.h */,
				84F4678F26A7F27400D378D5 /* RoyoOrder-Bridging-Header.h */,
				293CCC036299F75712B8E1E3 /* Pods */,
			);
			indentWidth = 2;
			sourceTree = "<group>";
			tabWidth = 2;
			usesTabs = 0;
		};
		83CBBA001A601CBA00E9B192 /* Products */ = {
			isa = PBXGroup;
			children = (
				84968B542A14322A00775F65 /* Ethiopharma.app */,
			);
			name = Products;
			sourceTree = "<group>";
		};
		841D9D5B26A6999600324021 /* Recovered References */ = {
			isa = PBXGroup;
			children = (
			);
			name = "Recovered References";
			sourceTree = "<group>";
		};
		844804B42653CF490050AA67 /* Configs */ = {
			isa = PBXGroup;
			children = (
				84968B562A14324700775F65 /* Ethiopharma */,
			);
			path = Configs;
			sourceTree = "<group>";
		};
		844FDD0F267397EF00C16835 /* Fonts */ = {
			isa = PBXGroup;
			children = (
				8496BC0726F1B862001AAB4C /* Metropolis-Bold.otf */,
				8496BC0526F1B860001AAB4C /* Metropolis-Regular.otf */,
				8496BC0626F1B861001AAB4C /* Metropolis-SemiBold.otf */,
				8455CA3626DFBC2200C27F72 /* Eina02-Bold.ttf */,
				8455CA3826DFBC2200C27F72 /* Eina02-Regular.ttf */,
				8455CA3726DFBC2200C27F72 /* Eina02-SemiBold.ttf */,
				846DA78E2681E47100CC5BA2 /* Futura Hv BT.ttf */,
				846DA7932681E47100CC5BA2 /* Futura-Book.ttf */,
				846DA7902681E47100CC5BA2 /* Futura-Medium.ttf */,
				846DA7922681E47100CC5BA2 /* Futura-Normal.ttf */,
				846DA78B2681E47000CC5BA2 /* FuturaBT-Heavy.ttf */,
				846DA78C2681E47000CC5BA2 /* SFProDisplay-Regular.ttf */,
				846DA7912681E47100CC5BA2 /* SFProText-Bold.ttf */,
				846DA7942681E47100CC5BA2 /* SFProText-Medium.ttf */,
				846DA78D2681E47000CC5BA2 /* SFProText-Regular.ttf */,
				846DA78F2681E47100CC5BA2 /* SFProText-SemiBold.ttf */,
				844FDD1C2673989300C16835 /* CircularStd-Bold.ttf */,
				844FDD1E2673989300C16835 /* CircularStd-Book.otf */,
				844FDD1D2673989300C16835 /* CircularStd-Medium.otf */,
			);
			path = Fonts;
			sourceTree = "<group>";
		};
		84968B562A14324700775F65 /* Ethiopharma */ = {
			isa = PBXGroup;
			children = (
				84968B5D2A14339A00775F65 /* GoogleService-Info.plist */,
				84968B572A14326B00775F65 /* Ethiopharma(Development).xcconfig */,
				84968B592A14328000775F65 /* Ethiopharma(Production).xcconfig */,
				84968B5B2A14328E00775F65 /* Images.xcassets */,
			);
			path = Ethiopharma;
			sourceTree = "<group>";
		};
		D65CC1AD79C546A3A311AA2C /* Resources */ = {
			isa = PBXGroup;
			children = (
			);
			name = Resources;
			sourceTree = "<group>";
		};
/* End PBXGroup section */

/* Begin PBXNativeTarget section */
		84968B292A14322A00775F65 /* Ethiopharma */ = {
			isa = PBXNativeTarget;
			buildConfigurationList = 84968B512A14322A00775F65 /* Build configuration list for PBXNativeTarget "Ethiopharma" */;
			buildPhases = (
				638C153FCE4F80BE9A47126F /* [CP] Check Pods Manifest.lock */,
				84968B2B2A14322A00775F65 /* Sources */,
				84968B2F2A14322A00775F65 /* Frameworks */,
				84968B312A14322A00775F65 /* Resources */,
				84968B4C2A14322A00775F65 /* Bundle React Native code and images */,
				84968B4D2A14322A00775F65 /* Start Packager */,
				84968B4E2A14322A00775F65 /* ShellScript */,
				7C271D3F969BDC2211356306 /* [CP] Embed Pods Frameworks */,
				5797C6C0A7A54FA9FAF83546 /* [CP] Copy Pods Resources */,
			);
			buildRules = (
			);
			dependencies = (
			);
			name = Ethiopharma;
			productName = Runrun;
			productReference = 84968B542A14322A00775F65 /* Ethiopharma.app */;
			productType = "com.apple.product-type.application";
		};
/* End PBXNativeTarget section */

/* Begin PBXProject section */
		83CBB9F71A601CBA00E9B192 /* Project object */ = {
			isa = PBXProject;
			attributes = {
				LastUpgradeCheck = 1130;
				TargetAttributes = {
					84968B292A14322A00775F65 = {
						DevelopmentTeam = 6FXUMT5X23;
						ProvisioningStyle = Automatic;
					};
				};
			};
			buildConfigurationList = 83CBB9FA1A601CBA00E9B192 /* Build configuration list for PBXProject "Runrun" */;
			compatibilityVersion = "Xcode 3.2";
			developmentRegion = en;
			hasScannedForEncodings = 0;
			knownRegions = (
				en,
				Base,
			);
			mainGroup = 83CBB9F61A601CBA00E9B192;
			productRefGroup = 83CBBA001A601CBA00E9B192 /* Products */;
			projectDirPath = "";
			projectRoot = "";
			targets = (
				84968B292A14322A00775F65 /* Ethiopharma */,
			);
		};
/* End PBXProject section */

/* Begin PBXResourcesBuildPhase section */
		84968B312A14322A00775F65 /* Resources */ = {
			isa = PBXResourcesBuildPhase;
			buildActionMask = 2147483647;
			files = (
				84968B322A14322A00775F65 /* Eina02-Regular.ttf in Resources */,
				84968B5C2A14328E00775F65 /* Images.xcassets in Resources */,
				84968B342A14322A00775F65 /* SFProDisplay-Regular.ttf in Resources */,
				84968B352A14322A00775F65 /* Futura-Medium.ttf in Resources */,
				84968B372A14322A00775F65 /* LaunchScreen.storyboard in Resources */,
				84968B382A14322A00775F65 /* CircularStd-Book.otf in Resources */,
				84968B392A14322A00775F65 /* Metropolis-Bold.otf in Resources */,
				84968B3A2A14322A00775F65 /* Futura Hv BT.ttf in Resources */,
				84968B3B2A14322A00775F65 /* SFProText-Regular.ttf in Resources */,
				84968B582A14326B00775F65 /* Ethiopharma(Development).xcconfig in Resources */,
				84968B3C2A14322A00775F65 /* SFProText-SemiBold.ttf in Resources */,
				84968B3D2A14322A00775F65 /* SFProText-Medium.ttf in Resources */,
				84968B3E2A14322A00775F65 /* notification.wav in Resources */,
				84968B5E2A14339A00775F65 /* GoogleService-Info.plist in Resources */,
				84968B402A14322A00775F65 /* Plists in Resources */,
				84968B412A14322A00775F65 /* Futura-Normal.ttf in Resources */,
				84968B422A14322A00775F65 /* Eina02-Bold.ttf in Resources */,
				84968B432A14322A00775F65 /* Futura-Book.ttf in Resources */,
				84968B442A14322A00775F65 /* CircularStd-Medium.otf in Resources */,
				84968B452A14322A00775F65 /* Metropolis-SemiBold.otf in Resources */,
				84968B5A2A14328000775F65 /* Ethiopharma(Production).xcconfig in Resources */,
				84968B462A14322A00775F65 /* FuturaBT-Heavy.ttf in Resources */,
				84968B482A14322A00775F65 /* CircularStd-Bold.ttf in Resources */,
				84968B492A14322A00775F65 /* Metropolis-Regular.otf in Resources */,
				84968B4A2A14322A00775F65 /* SFProText-Bold.ttf in Resources */,
				84968B4B2A14322A00775F65 /* Eina02-SemiBold.ttf in Resources */,
			);
			runOnlyForDeploymentPostprocessing = 0;
		};
/* End PBXResourcesBuildPhase section */

/* Begin PBXShellScriptBuildPhase section */
		5797C6C0A7A54FA9FAF83546 /* [CP] Copy Pods Resources */ = {
			isa = PBXShellScriptBuildPhase;
			buildActionMask = 2147483647;
			files = (
			);
			inputPaths = (
				"${PODS_ROOT}/Target Support Files/Pods-available_pods-Ethiopharma/Pods-available_pods-Ethiopharma-resources.sh",
				"${PODS_CONFIGURATION_BUILD_DIR}/AppAuth/AppAuthCore_Privacy.bundle",
				"${PODS_CONFIGURATION_BUILD_DIR}/FBSDKCoreKit/FacebookSDKStrings.bundle",
				"${PODS_CONFIGURATION_BUILD_DIR}/GoogleDataTransport/GoogleDataTransport_Privacy.bundle",
				"${PODS_ROOT}/GoogleMaps/Maps/Frameworks/GoogleMaps.framework/Resources/GoogleMaps.bundle",
				"${PODS_ROOT}/GooglePlaces/Frameworks/GooglePlaces.framework/Resources/GooglePlaces.bundle",
				"${PODS_ROOT}/GoogleSignIn/Resources/GoogleSignIn.bundle",
				"${PODS_CONFIGURATION_BUILD_DIR}/GoogleUtilities/GoogleUtilities_Privacy.bundle",
				"${PODS_CONFIGURATION_BUILD_DIR}/PromisesObjC/FBLPromises_Privacy.bundle",
				"${PODS_CONFIGURATION_BUILD_DIR}/RNCAsyncStorage/RNCAsyncStorage_resources.bundle",
				"${PODS_CONFIGURATION_BUILD_DIR}/RNImageCropPicker/QBImagePicker.bundle",
				"${PODS_ROOT}/../../node_modules/react-native-vector-icons/Fonts/AntDesign.ttf",
				"${PODS_ROOT}/../../node_modules/react-native-vector-icons/Fonts/Entypo.ttf",
				"${PODS_ROOT}/../../node_modules/react-native-vector-icons/Fonts/EvilIcons.ttf",
				"${PODS_ROOT}/../../node_modules/react-native-vector-icons/Fonts/Feather.ttf",
				"${PODS_ROOT}/../../node_modules/react-native-vector-icons/Fonts/FontAwesome.ttf",
				"${PODS_ROOT}/../../node_modules/react-native-vector-icons/Fonts/FontAwesome5_Brands.ttf",
				"${PODS_ROOT}/../../node_modules/react-native-vector-icons/Fonts/FontAwesome5_Regular.ttf",
				"${PODS_ROOT}/../../node_modules/react-native-vector-icons/Fonts/FontAwesome5_Solid.ttf",
				"${PODS_ROOT}/../../node_modules/react-native-vector-icons/Fonts/Fontisto.ttf",
				"${PODS_ROOT}/../../node_modules/react-native-vector-icons/Fonts/Foundation.ttf",
				"${PODS_ROOT}/../../node_modules/react-native-vector-icons/Fonts/Ionicons.ttf",
				"${PODS_ROOT}/../../node_modules/react-native-vector-icons/Fonts/MaterialCommunityIcons.ttf",
				"${PODS_ROOT}/../../node_modules/react-native-vector-icons/Fonts/MaterialIcons.ttf",
				"${PODS_ROOT}/../../node_modules/react-native-vector-icons/Fonts/Octicons.ttf",
				"${PODS_ROOT}/../../node_modules/react-native-vector-icons/Fonts/SimpleLineIcons.ttf",
				"${PODS_ROOT}/../../node_modules/react-native-vector-icons/Fonts/Zocial.ttf",
				"${PODS_CONFIGURATION_BUILD_DIR}/React-Core/AccessibilityResources.bundle",
				"${PODS_CONFIGURATION_BUILD_DIR}/Stripe/Stripe.bundle",
				"${PODS_CONFIGURATION_BUILD_DIR}/Stripe/Stripe3DS2.bundle",
				"${PODS_CONFIGURATION_BUILD_DIR}/StripeCore/StripeCore.bundle",
				"${PODS_CONFIGURATION_BUILD_DIR}/StripeFinancialConnections/StripeFinancialConnections.bundle",
				"${PODS_CONFIGURATION_BUILD_DIR}/StripeUICore/StripeUICore.bundle",
				"${PODS_CONFIGURATION_BUILD_DIR}/TOCropViewController/TOCropViewControllerBundle.bundle",
			);
			name = "[CP] Copy Pods Resources";
			outputPaths = (
				"${TARGET_BUILD_DIR}/${UNLOCALIZED_RESOURCES_FOLDER_PATH}/AppAuthCore_Privacy.bundle",
				"${TARGET_BUILD_DIR}/${UNLOCALIZED_RESOURCES_FOLDER_PATH}/FacebookSDKStrings.bundle",
				"${TARGET_BUILD_DIR}/${UNLOCALIZED_RESOURCES_FOLDER_PATH}/GoogleDataTransport_Privacy.bundle",
				"${TARGET_BUILD_DIR}/${UNLOCALIZED_RESOURCES_FOLDER_PATH}/GoogleMaps.bundle",
				"${TARGET_BUILD_DIR}/${UNLOCALIZED_RESOURCES_FOLDER_PATH}/GooglePlaces.bundle",
				"${TARGET_BUILD_DIR}/${UNLOCALIZED_RESOURCES_FOLDER_PATH}/GoogleSignIn.bundle",
				"${TARGET_BUILD_DIR}/${UNLOCALIZED_RESOURCES_FOLDER_PATH}/GoogleUtilities_Privacy.bundle",
				"${TARGET_BUILD_DIR}/${UNLOCALIZED_RESOURCES_FOLDER_PATH}/FBLPromises_Privacy.bundle",
				"${TARGET_BUILD_DIR}/${UNLOCALIZED_RESOURCES_FOLDER_PATH}/RNCAsyncStorage_resources.bundle",
				"${TARGET_BUILD_DIR}/${UNLOCALIZED_RESOURCES_FOLDER_PATH}/QBImagePicker.bundle",
				"${TARGET_BUILD_DIR}/${UNLOCALIZED_RESOURCES_FOLDER_PATH}/AntDesign.ttf",
				"${TARGET_BUILD_DIR}/${UNLOCALIZED_RESOURCES_FOLDER_PATH}/Entypo.ttf",
				"${TARGET_BUILD_DIR}/${UNLOCALIZED_RESOURCES_FOLDER_PATH}/EvilIcons.ttf",
				"${TARGET_BUILD_DIR}/${UNLOCALIZED_RESOURCES_FOLDER_PATH}/Feather.ttf",
				"${TARGET_BUILD_DIR}/${UNLOCALIZED_RESOURCES_FOLDER_PATH}/FontAwesome.ttf",
				"${TARGET_BUILD_DIR}/${UNLOCALIZED_RESOURCES_FOLDER_PATH}/FontAwesome5_Brands.ttf",
				"${TARGET_BUILD_DIR}/${UNLOCALIZED_RESOURCES_FOLDER_PATH}/FontAwesome5_Regular.ttf",
				"${TARGET_BUILD_DIR}/${UNLOCALIZED_RESOURCES_FOLDER_PATH}/FontAwesome5_Solid.ttf",
				"${TARGET_BUILD_DIR}/${UNLOCALIZED_RESOURCES_FOLDER_PATH}/Fontisto.ttf",
				"${TARGET_BUILD_DIR}/${UNLOCALIZED_RESOURCES_FOLDER_PATH}/Foundation.ttf",
				"${TARGET_BUILD_DIR}/${UNLOCALIZED_RESOURCES_FOLDER_PATH}/Ionicons.ttf",
				"${TARGET_BUILD_DIR}/${UNLOCALIZED_RESOURCES_FOLDER_PATH}/MaterialCommunityIcons.ttf",
				"${TARGET_BUILD_DIR}/${UNLOCALIZED_RESOURCES_FOLDER_PATH}/MaterialIcons.ttf",
				"${TARGET_BUILD_DIR}/${UNLOCALIZED_RESOURCES_FOLDER_PATH}/Octicons.ttf",
				"${TARGET_BUILD_DIR}/${UNLOCALIZED_RESOURCES_FOLDER_PATH}/SimpleLineIcons.ttf",
				"${TARGET_BUILD_DIR}/${UNLOCALIZED_RESOURCES_FOLDER_PATH}/Zocial.ttf",
				"${TARGET_BUILD_DIR}/${UNLOCALIZED_RESOURCES_FOLDER_PATH}/AccessibilityResources.bundle",
				"${TARGET_BUILD_DIR}/${UNLOCALIZED_RESOURCES_FOLDER_PATH}/Stripe.bundle",
				"${TARGET_BUILD_DIR}/${UNLOCALIZED_RESOURCES_FOLDER_PATH}/Stripe3DS2.bundle",
				"${TARGET_BUILD_DIR}/${UNLOCALIZED_RESOURCES_FOLDER_PATH}/StripeCore.bundle",
				"${TARGET_BUILD_DIR}/${UNLOCALIZED_RESOURCES_FOLDER_PATH}/StripeFinancialConnections.bundle",
				"${TARGET_BUILD_DIR}/${UNLOCALIZED_RESOURCES_FOLDER_PATH}/StripeUICore.bundle",
				"${TARGET_BUILD_DIR}/${UNLOCALIZED_RESOURCES_FOLDER_PATH}/TOCropViewControllerBundle.bundle",
			);
			runOnlyForDeploymentPostprocessing = 0;
			shellPath = /bin/sh;
			shellScript = "\"${PODS_ROOT}/Target Support Files/Pods-available_pods-Ethiopharma/Pods-available_pods-Ethiopharma-resources.sh\"\n";
			showEnvVarsInLog = 0;
		};
		638C153FCE4F80BE9A47126F /* [CP] Check Pods Manifest.lock */ = {
			isa = PBXShellScriptBuildPhase;
			buildActionMask = 2147483647;
			files = (
			);
			inputFileListPaths = (
			);
			inputPaths = (
				"${PODS_PODFILE_DIR_PATH}/Podfile.lock",
				"${PODS_ROOT}/Manifest.lock",
			);
			name = "[CP] Check Pods Manifest.lock";
			outputFileListPaths = (
			);
			outputPaths = (
				"$(DERIVED_FILE_DIR)/Pods-available_pods-Ethiopharma-checkManifestLockResult.txt",
			);
			runOnlyForDeploymentPostprocessing = 0;
			shellPath = /bin/sh;
			shellScript = "diff \"${PODS_PODFILE_DIR_PATH}/Podfile.lock\" \"${PODS_ROOT}/Manifest.lock\" > /dev/null\nif [ $? != 0 ] ; then\n    # print error to STDERR\n    echo \"error: The sandbox is not in sync with the Podfile.lock. Run 'pod install' or update your CocoaPods installation.\" >&2\n    exit 1\nfi\n# This output is used by Xcode 'outputs' to avoid re-running this script phase.\necho \"SUCCESS\" > \"${SCRIPT_OUTPUT_FILE_0}\"\n";
			showEnvVarsInLog = 0;
		};
		7C271D3F969BDC2211356306 /* [CP] Embed Pods Frameworks */ = {
			isa = PBXShellScriptBuildPhase;
			buildActionMask = 2147483647;
			files = (
			);
			inputPaths = (
				"${PODS_ROOT}/Target Support Files/Pods-available_pods-Ethiopharma/Pods-available_pods-Ethiopharma-frameworks.sh",
				"${PODS_XCFRAMEWORKS_BUILD_DIR}/ZendeskChatProvidersSDK/ChatProvidersSDK.framework/ChatProvidersSDK",
				"${PODS_XCFRAMEWORKS_BUILD_DIR}/ZendeskChatSDK/ChatSDK.framework/ChatSDK",
				"${PODS_XCFRAMEWORKS_BUILD_DIR}/ZendeskCommonUISDK/CommonUISDK.framework/CommonUISDK",
				"${PODS_XCFRAMEWORKS_BUILD_DIR}/ZendeskMessagingAPISDK/MessagingAPI.framework/MessagingAPI",
				"${PODS_XCFRAMEWORKS_BUILD_DIR}/ZendeskMessagingSDK/MessagingSDK.framework/MessagingSDK",
				"${PODS_XCFRAMEWORKS_BUILD_DIR}/ZendeskSDKConfigurationsSDK/SDKConfigurations.framework/SDKConfigurations",
				"${PODS_XCFRAMEWORKS_BUILD_DIR}/razorpay-pod/Razorpay.framework/Razorpay",
			);
			name = "[CP] Embed Pods Frameworks";
			outputPaths = (
				"${TARGET_BUILD_DIR}/${FRAMEWORKS_FOLDER_PATH}/ChatProvidersSDK.framework",
				"${TARGET_BUILD_DIR}/${FRAMEWORKS_FOLDER_PATH}/ChatSDK.framework",
				"${TARGET_BUILD_DIR}/${FRAMEWORKS_FOLDER_PATH}/CommonUISDK.framework",
				"${TARGET_BUILD_DIR}/${FRAMEWORKS_FOLDER_PATH}/MessagingAPI.framework",
				"${TARGET_BUILD_DIR}/${FRAMEWORKS_FOLDER_PATH}/MessagingSDK.framework",
				"${TARGET_BUILD_DIR}/${FRAMEWORKS_FOLDER_PATH}/SDKConfigurations.framework",
				"${TARGET_BUILD_DIR}/${FRAMEWORKS_FOLDER_PATH}/Razorpay.framework",
			);
			runOnlyForDeploymentPostprocessing = 0;
			shellPath = /bin/sh;
			shellScript = "\"${PODS_ROOT}/Target Support Files/Pods-available_pods-Ethiopharma/Pods-available_pods-Ethiopharma-frameworks.sh\"\n";
			showEnvVarsInLog = 0;
		};
		84968B4C2A14322A00775F65 /* Bundle React Native code and images */ = {
			isa = PBXShellScriptBuildPhase;
			buildActionMask = 2147483647;
			files = (
			);
			inputFileListPaths = (
			);
			inputPaths = (
			);
			name = "Bundle React Native code and images";
			outputPaths = (
			);
			runOnlyForDeploymentPostprocessing = 0;
			shellPath = /bin/sh;
			shellScript = "export NODE_BINARY=node\n../node_modules/react-native/scripts/react-native-xcode.sh\n";
		};
		84968B4D2A14322A00775F65 /* Start Packager */ = {
			isa = PBXShellScriptBuildPhase;
			buildActionMask = 2147483647;
			files = (
			);
			inputFileListPaths = (
			);
			inputPaths = (
			);
			name = "Start Packager";
			outputFileListPaths = (
			);
			outputPaths = (
			);
			runOnlyForDeploymentPostprocessing = 0;
			shellPath = /bin/sh;
			shellScript = "export RCT_METRO_PORT=\"${RCT_METRO_PORT:=8081}\"\necho \"export RCT_METRO_PORT=${RCT_METRO_PORT}\" > \"${SRCROOT}/../node_modules/react-native/scripts/.packager.env\"\nif [ -z \"${RCT_NO_LAUNCH_PACKAGER+xxx}\" ] ; then\n  if nc -w 5 -z localhost ${RCT_METRO_PORT} ; then\n    if ! curl -s \"http://localhost:${RCT_METRO_PORT}/status\" | grep -q \"packager-status:running\" ; then\n      echo \"Port ${RCT_METRO_PORT} already in use, packager is either not running or not running correctly\"\n      exit 2\n    fi\n  else\n    open \"$SRCROOT/../node_modules/react-native/scripts/launchPackager.command\" || echo \"Can't start packager automatically\"\n  fi\nfi\n";
		};
		84968B4E2A14322A00775F65 /* ShellScript */ = {
			isa = PBXShellScriptBuildPhase;
			buildActionMask = 2147483647;
			files = (
			);
			inputFileListPaths = (
			);
			inputPaths = (
			);
			outputFileListPaths = (
			);
			outputPaths = (
			);
			runOnlyForDeploymentPostprocessing = 0;
			shellPath = /bin/sh;
			shellScript = "\"${PODS_ROOT}/Target Support Files/Pods-available_pods-Ethiopharma/Pods-available_pods-Ethiopharma-frameworks.sh\"\n";
		};
/* End PBXShellScriptBuildPhase section */

/* Begin PBXSourcesBuildPhase section */
		84968B2B2A14322A00775F65 /* Sources */ = {
			isa = PBXSourcesBuildPhase;
			buildActionMask = 2147483647;
			files = (
				84968B2C2A14322A00775F65 /* AppDelegate.m in Sources */,
				84968B2D2A14322A00775F65 /* Royo.swift in Sources */,
				84968B2E2A14322A00775F65 /* main.m in Sources */,
			);
			runOnlyForDeploymentPostprocessing = 0;
		};
/* End PBXSourcesBuildPhase section */

/* Begin XCBuildConfiguration section */
		83CBBA201A601CBA00E9B192 /* Debug */ = {
			isa = XCBuildConfiguration;
			buildSettings = {
				ALWAYS_SEARCH_USER_PATHS = NO;
				CLANG_ANALYZER_LOCALIZABILITY_NONLOCALIZED = YES;
				CLANG_CXX_LANGUAGE_STANDARD = "gnu++0x";
				CLANG_CXX_LIBRARY = "libc++";
				CLANG_ENABLE_MODULES = YES;
				CLANG_ENABLE_OBJC_ARC = YES;
				CLANG_WARN_BLOCK_CAPTURE_AUTORELEASING = YES;
				CLANG_WARN_BOOL_CONVERSION = YES;
				CLANG_WARN_COMMA = YES;
				CLANG_WARN_CONSTANT_CONVERSION = YES;
				CLANG_WARN_DEPRECATED_OBJC_IMPLEMENTATIONS = YES;
				CLANG_WARN_DIRECT_OBJC_ISA_USAGE = YES_ERROR;
				CLANG_WARN_EMPTY_BODY = YES;
				CLANG_WARN_ENUM_CONVERSION = YES;
				CLANG_WARN_INFINITE_RECURSION = YES;
				CLANG_WARN_INT_CONVERSION = YES;
				CLANG_WARN_NON_LITERAL_NULL_CONVERSION = YES;
				CLANG_WARN_OBJC_IMPLICIT_RETAIN_SELF = YES;
				CLANG_WARN_OBJC_LITERAL_CONVERSION = YES;
				CLANG_WARN_OBJC_ROOT_CLASS = YES_ERROR;
				CLANG_WARN_RANGE_LOOP_ANALYSIS = YES;
				CLANG_WARN_STRICT_PROTOTYPES = YES;
				CLANG_WARN_SUSPICIOUS_MOVE = YES;
				CLANG_WARN_UNREACHABLE_CODE = YES;
				CLANG_WARN__DUPLICATE_METHOD_MATCH = YES;
				"CODE_SIGN_IDENTITY[sdk=iphoneos*]" = "iPhone Developer";
				COPY_PHASE_STRIP = NO;
				ENABLE_STRICT_OBJC_MSGSEND = YES;
				ENABLE_TESTABILITY = YES;
				GCC_C_LANGUAGE_STANDARD = gnu99;
				GCC_DYNAMIC_NO_PIC = NO;
				GCC_NO_COMMON_BLOCKS = YES;
				GCC_OPTIMIZATION_LEVEL = 0;
				GCC_PREPROCESSOR_DEFINITIONS = (
					"DEBUG=1",
					"$(inherited)",
				);
				GCC_SYMBOLS_PRIVATE_EXTERN = NO;
				GCC_WARN_64_TO_32_BIT_CONVERSION = YES;
				GCC_WARN_ABOUT_RETURN_TYPE = YES_ERROR;
				GCC_WARN_UNDECLARED_SELECTOR = YES;
				GCC_WARN_UNINITIALIZED_AUTOS = YES_AGGRESSIVE;
				GCC_WARN_UNUSED_FUNCTION = YES;
				GCC_WARN_UNUSED_VARIABLE = YES;
				IPHONEOS_DEPLOYMENT_TARGET = 10.0;
				LD_RUNPATH_SEARCH_PATHS = "/usr/lib/swift $(inherited)";
				LIBRARY_SEARCH_PATHS = "\"$(inherited)\"";
				MTL_ENABLE_DEBUG_INFO = YES;
				ONLY_ACTIVE_ARCH = YES;
				OTHER_SWIFT_FLAGS = "";
				SDKROOT = iphoneos;
			};
			name = Debug;
		};
		83CBBA211A601CBA00E9B192 /* Release */ = {
			isa = XCBuildConfiguration;
			buildSettings = {
				ALWAYS_SEARCH_USER_PATHS = NO;
				CLANG_ANALYZER_LOCALIZABILITY_NONLOCALIZED = YES;
				CLANG_CXX_LANGUAGE_STANDARD = "gnu++0x";
				CLANG_CXX_LIBRARY = "libc++";
				CLANG_ENABLE_MODULES = YES;
				CLANG_ENABLE_OBJC_ARC = YES;
				CLANG_WARN_BLOCK_CAPTURE_AUTORELEASING = YES;
				CLANG_WARN_BOOL_CONVERSION = YES;
				CLANG_WARN_COMMA = YES;
				CLANG_WARN_CONSTANT_CONVERSION = YES;
				CLANG_WARN_DEPRECATED_OBJC_IMPLEMENTATIONS = YES;
				CLANG_WARN_DIRECT_OBJC_ISA_USAGE = YES_ERROR;
				CLANG_WARN_EMPTY_BODY = YES;
				CLANG_WARN_ENUM_CONVERSION = YES;
				CLANG_WARN_INFINITE_RECURSION = YES;
				CLANG_WARN_INT_CONVERSION = YES;
				CLANG_WARN_NON_LITERAL_NULL_CONVERSION = YES;
				CLANG_WARN_OBJC_IMPLICIT_RETAIN_SELF = YES;
				CLANG_WARN_OBJC_LITERAL_CONVERSION = YES;
				CLANG_WARN_OBJC_ROOT_CLASS = YES_ERROR;
				CLANG_WARN_RANGE_LOOP_ANALYSIS = YES;
				CLANG_WARN_STRICT_PROTOTYPES = YES;
				CLANG_WARN_SUSPICIOUS_MOVE = YES;
				CLANG_WARN_UNREACHABLE_CODE = YES;
				CLANG_WARN__DUPLICATE_METHOD_MATCH = YES;
				"CODE_SIGN_IDENTITY[sdk=iphoneos*]" = "iPhone Developer";
				COPY_PHASE_STRIP = YES;
				ENABLE_NS_ASSERTIONS = NO;
				ENABLE_STRICT_OBJC_MSGSEND = YES;
				GCC_C_LANGUAGE_STANDARD = gnu99;
				GCC_NO_COMMON_BLOCKS = YES;
				GCC_WARN_64_TO_32_BIT_CONVERSION = YES;
				GCC_WARN_ABOUT_RETURN_TYPE = YES_ERROR;
				GCC_WARN_UNDECLARED_SELECTOR = YES;
				GCC_WARN_UNINITIALIZED_AUTOS = YES_AGGRESSIVE;
				GCC_WARN_UNUSED_FUNCTION = YES;
				GCC_WARN_UNUSED_VARIABLE = YES;
				IPHONEOS_DEPLOYMENT_TARGET = 10.0;
				LD_RUNPATH_SEARCH_PATHS = "/usr/lib/swift $(inherited)";
				LIBRARY_SEARCH_PATHS = "\"$(inherited)\"";
				MTL_ENABLE_DEBUG_INFO = NO;
				OTHER_SWIFT_FLAGS = "";
				SDKROOT = iphoneos;
				VALIDATE_PRODUCT = YES;
			};
			name = Release;
		};
		84968B522A14322A00775F65 /* Debug */ = {
			isa = XCBuildConfiguration;
			baseConfigurationReference = 84968B572A14326B00775F65 /* Ethiopharma(Development).xcconfig */;
			buildSettings = {
				ASSETCATALOG_COMPILER_APPICON_NAME = AppIcon;
				CLANG_ENABLE_MODULES = YES;
				CODE_SIGN_ENTITLEMENTS = Ethiopharma.entitlements;
				CODE_SIGN_IDENTITY = "Apple Development";
				CODE_SIGN_STYLE = Automatic;
				CURRENT_PROJECT_VERSION = "$(PROJECT_BUILD_NUMBER)";
				DEVELOPMENT_TEAM = 6FXUMT5X23;
				ENABLE_BITCODE = NO;
				EXCLUDED_ARCHS = "";
				"EXCLUDED_ARCHS[sdk=*]" = arm64;
				INFOPLIST_FILE = "Runrun/Plists/$(PROJECT_PLIST).plist";
				IPHONEOS_DEPLOYMENT_TARGET = 11.0;
				LD_RUNPATH_SEARCH_PATHS = "$(inherited) @executable_path/Frameworks";
				MARKETING_VERSION = "$(PROJECT_APP_VERSION)";
				OTHER_LDFLAGS = (
					"$(inherited)",
					"-ObjC",
					"-lc++",
				);
				PRODUCT_BUNDLE_IDENTIFIER = "$(PROJECT_BUNDLE_ID)";
				PRODUCT_NAME = "$(TARGET_NAME)";
				PROJECT_DEEPLINK = "${PROJECT_DEEPLINK}";
				PROJECT_ENTITLEMENT = "";
				PROJECT_PLIST = "$(PROJECT_PLIST)";
				PROVISIONING_PROFILE_SPECIFIER = "";
				SWIFT_OBJC_BRIDGING_HEADER = "RoyoOrder-Bridging-Header.h";
				SWIFT_OPTIMIZATION_LEVEL = "-Onone";
				SWIFT_VERSION = 5.0;
				VERSIONING_SYSTEM = "apple-generic";
			};
			name = Debug;
		};
		84968B532A14322A00775F65 /* Release */ = {
			isa = XCBuildConfiguration;
			baseConfigurationReference = 84968B592A14328000775F65 /* Ethiopharma(Production).xcconfig */;
			buildSettings = {
				ASSETCATALOG_COMPILER_APPICON_NAME = AppIcon;
				CLANG_ENABLE_MODULES = YES;
				CODE_SIGN_ENTITLEMENTS = Ethiopharma.entitlements;
				CODE_SIGN_IDENTITY = "Apple Development";
				CODE_SIGN_STYLE = Automatic;
				CURRENT_PROJECT_VERSION = "$(PROJECT_BUILD_NUMBER)";
				DEVELOPMENT_TEAM = 6FXUMT5X23;
				INFOPLIST_FILE = "Runrun/Plists/$(PROJECT_PLIST).plist";
				IPHONEOS_DEPLOYMENT_TARGET = 11.0;
				LD_RUNPATH_SEARCH_PATHS = "$(inherited) @executable_path/Frameworks";
				MARKETING_VERSION = "$(PROJECT_APP_VERSION)";
				OTHER_LDFLAGS = (
					"$(inherited)",
					"-ObjC",
					"-lc++",
				);
				PRODUCT_BUNDLE_IDENTIFIER = "$(PROJECT_BUNDLE_ID)";
				"PRODUCT_BUNDLE_IDENTIFIER[sdk=iphoneos*]" = com.app.ethiopharma.vendor;
				PRODUCT_NAME = "$(TARGET_NAME)";
				PROJECT_DEEPLINK = "${PROJECT_DEEPLINK}";
				PROJECT_ENTITLEMENT = "";
				PROJECT_PLIST = "$(PROJECT_PLIST)";
				PROVISIONING_PROFILE_SPECIFIER = "";
				SWIFT_OBJC_BRIDGING_HEADER = "RoyoOrder-Bridging-Header.h";
				SWIFT_VERSION = 5.0;
				VERSIONING_SYSTEM = "apple-generic";
			};
			name = Release;
		};
/* End XCBuildConfiguration section */

/* Begin XCConfigurationList section */
		83CBB9FA1A601CBA00E9B192 /* Build configuration list for PBXProject "Runrun" */ = {
			isa = XCConfigurationList;
			buildConfigurations = (
				83CBBA201A601CBA00E9B192 /* Debug */,
				83CBBA211A601CBA00E9B192 /* Release */,
			);
			defaultConfigurationIsVisible = 0;
			defaultConfigurationName = Debug;
		};
		84968B512A14322A00775F65 /* Build configuration list for PBXNativeTarget "Ethiopharma" */ = {
			isa = XCConfigurationList;
			buildConfigurations = (
				84968B522A14322A00775F65 /* Debug */,
				84968B532A14322A00775F65 /* Release */,
			);
			defaultConfigurationIsVisible = 0;
			defaultConfigurationName = Debug;
		};
/* End XCConfigurationList section */
	};
	rootObject = 83CBB9F71A601CBA00E9B192 /* Project object */;
}
